
Microsoft Visual Studio Solution File, Format Version 12.00
# Visual Studio Version 16
VisualStudioVersion = 16.0.29905.134
MinimumVisualStudioVersion = 10.0.40219.1
Project("{FAE04EC0-301F-11D3-BF4B-00C04F79EFBC}") = "P2P.Socket.StartUp-Winform", "P2P.Socket.StartUp-Winform\P2P.Socket.StartUp-Winform.csproj", "{A1082C4D-8887-41CA-BE82-60B60ED01834}"
EndProject
Project("{9A19103F-16F7-4668-BE54-9A1E7A4F7556}") = "P2PSocket.Core", "G:\Downloads\IDM\压缩文件\Wireboy.Socket.P2PSocket-master\src\P2PSocekt.Core\P2PSocket.Core.csproj", "{C03D5DEE-BD3B-4B4F-893B-27BE45363516}"
EndProject
Project("{9A19103F-16F7-4668-BE54-9A1E7A4F7556}") = "P2PSocket.Client", "G:\Downloads\IDM\压缩文件\Wireboy.Socket.P2PSocket-master\src\P2PSocket.Client\P2PSocket.Client.csproj", "{07EC5267-0506-442E-BDFD-F47B96E8386A}"
EndProject
Global
	GlobalSection(SolutionConfigurationPlatforms) = preSolution
		Debug|Any CPU = Debug|Any CPU
		Release|Any CPU = Release|Any CPU
	EndGlobalSection
	GlobalSection(ProjectConfigurationPlatforms) = postSolution
		{A1082C4D-8887-41CA-BE82-60B60ED01834}.Debug|Any CPU.ActiveCfg = Debug|Any CPU
		{A1082C4D-8887-41CA-BE82-60B60ED01834}.Debug|Any CPU.Build.0 = Debug|Any CPU
		{A1082C4D-8887-41CA-BE82-60B60ED01834}.Release|Any CPU.ActiveCfg = Release|Any CPU
		{A1082C4D-8887-41CA-BE82-60B60ED01834}.Release|Any CPU.Build.0 = Release|Any CPU
		{C03D5DEE-BD3B-4B4F-893B-27BE45363516}.Debug|Any CPU.ActiveCfg = Debug|Any CPU
		{C03D5DEE-BD3B-4B4F-893B-27BE45363516}.Debug|Any CPU.Build.0 = Debug|Any CPU
		{C03D5DEE-BD3B-4B4F-893B-27BE45363516}.Release|Any CPU.ActiveCfg = Release|Any CPU
		{C03D5DEE-BD3B-4B4F-893B-27BE45363516}.Release|Any CPU.Build.0 = Release|Any CPU
		{07EC5267-0506-442E-BDFD-F47B96E8386A}.Debug|Any CPU.ActiveCfg = Debug|Any CPU
		{07EC5267-0506-442E-BDFD-F47B96E8386A}.Debug|Any CPU.Build.0 = Debug|Any CPU
		{07EC5267-0506-442E-BDFD-F47B96E8386A}.Release|Any CPU.ActiveCfg = Release|Any CPU
		{07EC5267-0506-442E-BDFD-F47B96E8386A}.Release|Any CPU.Build.0 = Release|Any CPU
	EndGlobalSection
	GlobalSection(SolutionProperties) = preSolution
		HideSolutionNode = FALSE
	EndGlobalSection
	GlobalSection(ExtensibilityGlobals) = postSolution
		SolutionGuid = {C98B54D6-A1F1-4562-BD8C-8EE18546B12B}
	EndGlobalSection
EndGlobal
